// !$*UTF8*$!
{
	archiveVersion = 1;
	classes = {
	};
	objectVersion = 55;
	objects = {

/* Begin PBXBuildFile section */
		A6E9250029293AB100B7AF61 /* WordStructureApp.swift in Sources */ = {isa = PBXBuildFile; fileRef = A6E924FF29293AB100B7AF61 /* WordStructureApp.swift */; };
		A6E9250229293AB100B7AF61 /* ContentView.swift in Sources */ = {isa = PBXBuildFile; fileRef = A6E9250129293AB100B7AF61 /* ContentView.swift */; };
		A6E9250429293AB400B7AF61 /* Assets.xcassets in Resources */ = {isa = PBXBuildFile; fileRef = A6E9250329293AB400B7AF61 /* Assets.xcassets */; };
		A6E9250729293AB400B7AF61 /* Preview Assets.xcassets in Resources */ = {isa = PBXBuildFile; fileRef = A6E9250629293AB400B7AF61 /* Preview Assets.xcassets */; };
		A6E9251229293AB400B7AF61 /* WordStructureTests.swift in Sources */ = {isa = PBXBuildFile; fileRef = A6E9251129293AB400B7AF61 /* WordStructureTests.swift */; };
		A6E9251C29293AB400B7AF61 /* WordStructureUITests.swift in Sources */ = {isa = PBXBuildFile; fileRef = A6E9251B29293AB400B7AF61 /* WordStructureUITests.swift */; };
		A6E9251E29293AB400B7AF61 /* WordStructureUITestsLaunchTests.swift in Sources */ = {isa = PBXBuildFile; fileRef = A6E9251D29293AB400B7AF61 /* WordStructureUITestsLaunchTests.swift */; };
/* End PBXBuildFile section */

/* Begin PBXContainerItemProxy section */
		A6E9250E29293AB400B7AF61 /* PBXContainerItemProxy */ = {
			isa = PBXContainerItemProxy;
			containerPortal = A6E924F429293AB000B7AF61 /* Project object */;
			proxyType = 1;
			remoteGlobalIDString = A6E924FB29293AB100B7AF61;
			remoteInfo = WordStructure;
		};
		A6E9251829293AB400B7AF61 /* PBXContainerItemProxy */ = {
			isa = PBXContainerItemProxy;
			containerPortal = A6E924F429293AB000B7AF61 /* Project object */;
			proxyType = 1;
			remoteGlobalIDString = A6E924FB29293AB100B7AF61;
			remoteInfo = WordStructure;
		};
/* End PBXContainerItemProxy section */

/* Begin PBXFileReference section */
		A6E924FC29293AB100B7AF61 /* WordStructure.app */ = {isa = PBXFileReference; explicitFileType = wrapper.application; includeInIndex = 0; path = WordStructure.app; sourceTree = BUILT_PRODUCTS_DIR; };
		A6E924FF29293AB100B7AF61 /* WordStructureApp.swift */ = {isa = PBXFileReference; lastKnownFileType = sourcecode.swift; path = WordStructureApp.swift; sourceTree = "<group>"; };
		A6E9250129293AB100B7AF61 /* ContentView.swift */ = {isa = PBXFileReference; lastKnownFileType = sourcecode.swift; path = ContentView.swift; sourceTree = "<group>"; };
		A6E9250329293AB400B7AF61 /* Assets.xcassets */ = {isa = PBXFileReference; lastKnownFileType = folder.assetcatalog; path = Assets.xcassets; sourceTree = "<group>"; };
		A6E9250629293AB400B7AF61 /* Preview Assets.xcassets */ = {isa = PBXFileReference; lastKnownFileType = folder.assetcatalog; path = "Preview Assets.xcassets"; sourceTree = "<group>"; };
		A6E9250829293AB400B7AF61 /* WordStructure.entitlements */ = {isa = PBXFileReference; lastKnownFileType = text.plist.entitlements; path = WordStructure.entitlements; sourceTree = "<group>"; };
		A6E9250D29293AB400B7AF61 /* WordStructureTests.xctest */ = {isa = PBXFileReference; explicitFileType = wrapper.cfbundle; includeInIndex = 0; path = WordStructureTests.xctest; sourceTree = BUILT_PRODUCTS_DIR; };
		A6E9251129293AB400B7AF61 /* WordStructureTests.swift */ = {isa = PBXFileReference; lastKnownFileType = sourcecode.swift; path = WordStructureTests.swift; sourceTree = "<group>"; };
		A6E9251729293AB400B7AF61 /* WordStructureUITests.xctest */ = {isa = PBXFileReference; explicitFileType = wrapper.cfbundle; includeInIndex = 0; path = WordStructureUITests.xctest; sourceTree = BUILT_PRODUCTS_DIR; };
		A6E9251B29293AB400B7AF61 /* WordStructureUITests.swift */ = {isa = PBXFileReference; lastKnownFileType = sourcecode.swift; path = WordStructureUITests.swift; sourceTree = "<group>"; };
		A6E9251D29293AB400B7AF61 /* WordStructureUITestsLaunchTests.swift */ = {isa = PBXFileReference; lastKnownFileType = sourcecode.swift; path = WordStructureUITestsLaunchTests.swift; sourceTree = "<group>"; };
/* End PBXFileReference section */

/* Begin PBXFrameworksBuildPhase section */
		A6E924F929293AB100B7AF61 /* Frameworks */ = {
			isa = PBXFrameworksBuildPhase;
			buildActionMask = 2147483647;
			files = (
			);
			runOnlyForDeploymentPostprocessing = 0;
		};
		A6E9250A29293AB400B7AF61 /* Frameworks */ = {
			isa = PBXFrameworksBuildPhase;
			buildActionMask = 2147483647;
			files = (
			);
			runOnlyForDeploymentPostprocessing = 0;
		};
		A6E9251429293AB400B7AF61 /* Frameworks */ = {
			isa = PBXFrameworksBuildPhase;
			buildActionMask = 2147483647;
			files = (
			);
			runOnlyForDeploymentPostprocessing = 0;
		};
/* End PBXFrameworksBuildPhase section */

/* Begin PBXGroup section */
		A6E924F329293AB000B7AF61 = {
			isa = PBXGroup;
			children = (
				A6E924FE29293AB100B7AF61 /* WordStructure */,
				A6E9251029293AB400B7AF61 /* WordStructureTests */,
				A6E9251A29293AB400B7AF61 /* WordStructureUITests */,
				A6E924FD29293AB100B7AF61 /* Products */,
			);
			sourceTree = "<group>";
		};
		A6E924FD29293AB100B7AF61 /* Products */ = {
			isa = PBXGroup;
			children = (
				A6E924FC29293AB100B7AF61 /* WordStructure.app */,
				A6E9250D29293AB400B7AF61 /* WordStructureTests.xctest */,
				A6E9251729293AB400B7AF61 /* WordStructureUITests.xctest */,
			);
			name = Products;
			sourceTree = "<group>";
		};
		A6E924FE29293AB100B7AF61 /* WordStructure */ = {
			isa = PBXGroup;
			children = (
				A6E924FF29293AB100B7AF61 /* WordStructureApp.swift */,
				A6E9250129293AB100B7AF61 /* ContentView.swift */,
				A6E9250329293AB400B7AF61 /* Assets.xcassets */,
				A6E9250829293AB400B7AF61 /* WordStructure.entitlements */,
				A6E9250529293AB400B7AF61 /* Preview Content */,
			);
			path = WordStructure;
			sourceTree = "<group>";
		};
		A6E9250529293AB400B7AF61 /* Preview Content */ = {
			isa = PBXGroup;
			children = (
				A6E9250629293AB400B7AF61 /* Preview Assets.xcassets */,
			);
			path = "Preview Content";
			sourceTree = "<group>";
		};
		A6E9251029293AB400B7AF61 /* WordStructureTests */ = {
			isa = PBXGroup;
			children = (
				A6E9251129293AB400B7AF61 /* WordStructureTests.swift */,
			);
			path = WordStructureTests;
			sourceTree = "<group>";
		};
		A6E9251A29293AB400B7AF61 /* WordStructureUITests */ = {
			isa = PBXGroup;
			children = (
				A6E9251B29293AB400B7AF61 /* WordStructureUITests.swift */,
				A6E9251D29293AB400B7AF61 /* WordStructureUITestsLaunchTests.swift */,
			);
			path = WordStructureUITests;
			sourceTree = "<group>";
		};
/* End PBXGroup section */

/* Begin PBXNativeTarget section */
		A6E924FB29293AB100B7AF61 /* WordStructure */ = {
			isa = PBXNativeTarget;
			buildConfigurationList = A6E9252129293AB400B7AF61 /* Build configuration list for PBXNativeTarget "WordStructure" */;
			buildPhases = (
				A6E924F829293AB100B7AF61 /* Sources */,
				A6E924F929293AB100B7AF61 /* Frameworks */,
				A6E924FA29293AB100B7AF61 /* Resources */,
			);
			buildRules = (
			);
			dependencies = (
			);
			name = WordStructure;
			productName = WordStructure;
			productReference = A6E924FC29293AB100B7AF61 /* WordStructure.app */;
			productType = "com.apple.product-type.application";
		};
		A6E9250C29293AB400B7AF61 /* WordStructureTests */ = {
			isa = PBXNativeTarget;
			buildConfigurationList = A6E9252429293AB400B7AF61 /* Build configuration list for PBXNativeTarget "WordStructureTests" */;
			buildPhases = (
				A6E9250929293AB400B7AF61 /* Sources */,
				A6E9250A29293AB400B7AF61 /* Frameworks */,
				A6E9250B29293AB400B7AF61 /* Resources */,
			);
			buildRules = (
			);
			dependencies = (
				A6E9250F29293AB400B7AF61 /* PBXTargetDependency */,
			);
			name = WordStructureTests;
			productName = WordStructureTests;
			productReference = A6E9250D29293AB400B7AF61 /* WordStructureTests.xctest */;
			productType = "com.apple.product-type.bundle.unit-test";
		};
		A6E9251629293AB400B7AF61 /* WordStructureUITests */ = {
			isa = PBXNativeTarget;
			buildConfigurationList = A6E9252729293AB400B7AF61 /* Build configuration list for PBXNativeTarget "WordStructureUITests" */;
			buildPhases = (
				A6E9251329293AB400B7AF61 /* Sources */,
				A6E9251429293AB400B7AF61 /* Frameworks */,
				A6E9251529293AB400B7AF61 /* Resources */,
			);
			buildRules = (
			);
			dependencies = (
				A6E9251929293AB400B7AF61 /* PBXTargetDependency */,
			);
			name = WordStructureUITests;
			productName = WordStructureUITests;
			productReference = A6E9251729293AB400B7AF61 /* WordStructureUITests.xctest */;
			productType = "com.apple.product-type.bundle.ui-testing";
		};
/* End PBXNativeTarget section */

/* Begin PBXProject section */
		A6E924F429293AB000B7AF61 /* Project object */ = {
			isa = PBXProject;
			attributes = {
				BuildIndependentTargetsInParallel = 1;
				LastSwiftUpdateCheck = 1330;
				LastUpgradeCheck = 1330;
				TargetAttributes = {
					A6E924FB29293AB100B7AF61 = {
						CreatedOnToolsVersion = 13.3;
					};
					A6E9250C29293AB400B7AF61 = {
						CreatedOnToolsVersion = 13.3;
						TestTargetID = A6E924FB29293AB100B7AF61;
					};
					A6E9251629293AB400B7AF61 = {
						CreatedOnToolsVersion = 13.3;
						TestTargetID = A6E924FB29293AB100B7AF61;
					};
				};
			};
			buildConfigurationList = A6E924F729293AB000B7AF61 /* Build configuration list for PBXProject "WordStructure" */;
			compatibilityVersion = "Xcode 13.0";
			developmentRegion = en;
			hasScannedForEncodings = 0;
			knownRegions = (
				en,
				Base,
			);
			mainGroup = A6E924F329293AB000B7AF61;
			productRefGroup = A6E924FD29293AB100B7AF61 /* Products */;
			projectDirPath = "";
			projectRoot = "";
			targets = (
				A6E924FB29293AB100B7AF61 /* WordStructure */,
				A6E9250C29293AB400B7AF61 /* WordStructureTests */,
				A6E9251629293AB400B7AF61 /* WordStructureUITests */,
			);
		};
/* End PBXProject section */

/* Begin PBXResourcesBuildPhase section */
		A6E924FA29293AB100B7AF61 /* Resources */ = {
			isa = PBXResourcesBuildPhase;
			buildActionMask = 2147483647;
			files = (
				A6E9250729293AB400B7AF61 /* Preview Assets.xcassets in Resources */,
				A6E9250429293AB400B7AF61 /* Assets.xcassets in Resources */,
			);
			runOnlyForDeploymentPostprocessing = 0;
		};
		A6E9250B29293AB400B7AF61 /* Resources */ = {
			isa = PBXResourcesBuildPhase;
			buildActionMask = 2147483647;
			files = (
			);
			runOnlyForDeploymentPostprocessing = 0;
		};
		A6E9251529293AB400B7AF61 /* Resources */ = {
			isa = PBXResourcesBuildPhase;
			buildActionMask = 2147483647;
			files = (
			);
			runOnlyForDeploymentPostprocessing = 0;
		};
/* End PBXResourcesBuildPhase section */

/* Begin PBXSourcesBuildPhase section */
		A6E924F829293AB100B7AF61 /* Sources */ = {
			isa = PBXSourcesBuildPhase;
			buildActionMask = 2147483647;
			files = (
				A6E9250229293AB100B7AF61 /* ContentView.swift in Sources */,
				A6E9250029293AB100B7AF61 /* WordStructureApp.swift in Sources */,
			);
			runOnlyForDeploymentPostprocessing = 0;
		};
		A6E9250929293AB400B7AF61 /* Sources */ = {
			isa = PBXSourcesBuildPhase;
			buildActionMask = 2147483647;
			files = (
				A6E9251229293AB400B7AF61 /* WordStructureTests.swift in Sources */,
			);
			runOnlyForDeploymentPostprocessing = 0;
		};
		A6E9251329293AB400B7AF61 /* Sources */ = {
			isa = PBXSourcesBuildPhase;
			buildActionMask = 2147483647;
			files = (
				A6E9251E29293AB400B7AF61 /* WordStructureUITestsLaunchTests.swift in Sources */,
				A6E9251C29293AB400B7AF61 /* WordStructureUITests.swift in Sources */,
			);
			runOnlyForDeploymentPostprocessing = 0;
		};
/* End PBXSourcesBuildPhase section */

/* Begin PBXTargetDependency section */
		A6E9250F29293AB400B7AF61 /* PBXTargetDependency */ = {
			isa = PBXTargetDependency;
			target = A6E924FB29293AB100B7AF61 /* WordStructure */;
			targetProxy = A6E9250E29293AB400B7AF61 /* PBXContainerItemProxy */;
		};
		A6E9251929293AB400B7AF61 /* PBXTargetDependency */ = {
			isa = PBXTargetDependency;
			target = A6E924FB29293AB100B7AF61 /* WordStructure */;
			targetProxy = A6E9251829293AB400B7AF61 /* PBXContainerItemProxy */;
		};
/* End PBXTargetDependency section */

/* Begin XCBuildConfiguration section */
		A6E9251F29293AB400B7AF61 /* Debug */ = {
			isa = XCBuildConfiguration;
			buildSettings = {
				ALWAYS_SEARCH_USER_PATHS = NO;
				CLANG_ANALYZER_NONNULL = YES;
				CLANG_ANALYZER_NUMBER_OBJECT_CONVERSION = YES_AGGRESSIVE;
				CLANG_CXX_LANGUAGE_STANDARD = "gnu++17";
				CLANG_ENABLE_MODULES = YES;
				CLANG_ENABLE_OBJC_ARC = YES;
				CLANG_ENABLE_OBJC_WEAK = YES;
				CLANG_WARN_BLOCK_CAPTURE_AUTORELEASING = YES;
				CLANG_WARN_BOOL_CONVERSION = YES;
				CLANG_WARN_COMMA = YES;
				CLANG_WARN_CONSTANT_CONVERSION = YES;
				CLANG_WARN_DEPRECATED_OBJC_IMPLEMENTATIONS = YES;
				CLANG_WARN_DIRECT_OBJC_ISA_USAGE = YES_ERROR;
				CLANG_WARN_DOCUMENTATION_COMMENTS = YES;
				CLANG_WARN_EMPTY_BODY = YES;
				CLANG_WARN_ENUM_CONVERSION = YES;
				CLANG_WARN_INFINITE_RECURSION = YES;
				CLANG_WARN_INT_CONVERSION = YES;
				CLANG_WARN_NON_LITERAL_NULL_CONVERSION = YES;
				CLANG_WARN_OBJC_IMPLICIT_RETAIN_SELF = YES;
				CLANG_WARN_OBJC_LITERAL_CONVERSION = YES;
				CLANG_WARN_OBJC_ROOT_CLASS = YES_ERROR;
				CLANG_WARN_QUOTED_INCLUDE_IN_FRAMEWORK_HEADER = YES;
				CLANG_WARN_RANGE_LOOP_ANALYSIS = YES;
				CLANG_WARN_STRICT_PROTOTYPES = YES;
				CLANG_WARN_SUSPICIOUS_MOVE = YES;
				CLANG_WARN_UNGUARDED_AVAILABILITY = YES_AGGRESSIVE;
				CLANG_WARN_UNREACHABLE_CODE = YES;
				CLANG_WARN__DUPLICATE_METHOD_MATCH = YES;
				COPY_PHASE_STRIP = NO;
				DEBUG_INFORMATION_FORMAT = dwarf;
				ENABLE_STRICT_OBJC_MSGSEND = YES;
				ENABLE_TESTABILITY = YES;
				GCC_C_LANGUAGE_STANDARD = gnu11;
				GCC_DYNAMIC_NO_PIC = NO;
				GCC_NO_COMMON_BLOCKS = YES;
				GCC_OPTIMIZATION_LEVEL = 0;
				GCC_PREPROCESSOR_DEFINITIONS = (
					"DEBUG=1",
					"$(inherited)",
				);
				GCC_WARN_64_TO_32_BIT_CONVERSION = YES;
				GCC_WARN_ABOUT_RETURN_TYPE = YES_ERROR;
				GCC_WARN_UNDECLARED_SELECTOR = YES;
				GCC_WARN_UNINITIALIZED_AUTOS = YES_AGGRESSIVE;
				GCC_WARN_UNUSED_FUNCTION = YES;
				GCC_WARN_UNUSED_VARIABLE = YES;
				MACOSX_DEPLOYMENT_TARGET = 12.3;
				MTL_ENABLE_DEBUG_INFO = INCLUDE_SOURCE;
				MTL_FAST_MATH = YES;
				ONLY_ACTIVE_ARCH = YES;
				SDKROOT = macosx;
				SWIFT_ACTIVE_COMPILATION_CONDITIONS = DEBUG;
				SWIFT_OPTIMIZATION_LEVEL = "-Onone";
			};
			name = Debug;
		};
		A6E9252029293AB400B7AF61 /* Release */ = {
			isa = XCBuildConfiguration;
			buildSettings = {
				ALWAYS_SEARCH_USER_PATHS = NO;
				CLANG_ANALYZER_NONNULL = YES;
				CLANG_ANALYZER_NUMBER_OBJECT_CONVERSION = YES_AGGRESSIVE;
				CLANG_CXX_LANGUAGE_STANDARD = "gnu++17";
				CLANG_ENABLE_MODULES = YES;
				CLANG_ENABLE_OBJC_ARC = YES;
				CLANG_ENABLE_OBJC_WEAK = YES;
				CLANG_WARN_BLOCK_CAPTURE_AUTORELEASING = YES;
				CLANG_WARN_BOOL_CONVERSION = YES;
				CLANG_WARN_COMMA = YES;
				CLANG_WARN_CONSTANT_CONVERSION = YES;
				CLANG_WARN_DEPRECATED_OBJC_IMPLEMENTATIONS = YES;
				CLANG_WARN_DIRECT_OBJC_ISA_USAGE = YES_ERROR;
				CLANG_WARN_DOCUMENTATION_COMMENTS = YES;
				CLANG_WARN_EMPTY_BODY = YES;
				CLANG_WARN_ENUM_CONVERSION = YES;
				CLANG_WARN_INFINITE_RECURSION = YES;
				CLANG_WARN_INT_CONVERSION = YES;
				CLANG_WARN_NON_LITERAL_NULL_CONVERSION = YES;
				CLANG_WARN_OBJC_IMPLICIT_RETAIN_SELF = YES;
				CLANG_WARN_OBJC_LITERAL_CONVERSION = YES;
				CLANG_WARN_OBJC_ROOT_CLASS = YES_ERROR;
				CLANG_WARN_QUOTED_INCLUDE_IN_FRAMEWORK_HEADER = YES;
				CLANG_WARN_RANGE_LOOP_ANALYSIS = YES;
				CLANG_WARN_STRICT_PROTOTYPES = YES;
				CLANG_WARN_SUSPICIOUS_MOVE = YES;
				CLANG_WARN_UNGUARDED_AVAILABILITY = YES_AGGRESSIVE;
				CLANG_WARN_UNREACHABLE_CODE = YES;
				CLANG_WARN__DUPLICATE_METHOD_MATCH = YES;
				COPY_PHASE_STRIP = NO;
				DEBUG_INFORMATION_FORMAT = "dwarf-with-dsym";
				ENABLE_NS_ASSERTIONS = NO;
				ENABLE_STRICT_OBJC_MSGSEND = YES;
				GCC_C_LANGUAGE_STANDARD = gnu11;
				GCC_NO_COMMON_BLOCKS = YES;
				GCC_WARN_64_TO_32_BIT_CONVERSION = YES;
				GCC_WARN_ABOUT_RETURN_TYPE = YES_ERROR;
				GCC_WARN_UNDECLARED_SELECTOR = YES;
				GCC_WARN_UNINITIALIZED_AUTOS = YES_AGGRESSIVE;
				GCC_WARN_UNUSED_FUNCTION = YES;
				GCC_WARN_UNUSED_VARIABLE = YES;
				MACOSX_DEPLOYMENT_TARGET = 12.3;
				MTL_ENABLE_DEBUG_INFO = NO;
				MTL_FAST_MATH = YES;
				SDKROOT = macosx;
				SWIFT_COMPILATION_MODE = wholemodule;
				SWIFT_OPTIMIZATION_LEVEL = "-O";
			};
			name = Release;
		};
		A6E9252229293AB400B7AF61 /* Debug */ = {
			isa = XCBuildConfiguration;
			buildSettings = {
				ASSETCATALOG_COMPILER_APPICON_NAME = AppIcon;
				ASSETCATALOG_COMPILER_GLOBAL_ACCENT_COLOR_NAME = AccentColor;
				CODE_SIGN_ENTITLEMENTS = WordStructure/WordStructure.entitlements;
				CODE_SIGN_STYLE = Automatic;
				COMBINE_HIDPI_IMAGES = YES;
				CURRENT_PROJECT_VERSION = 1;
				DEVELOPMENT_ASSET_PATHS = "\"WordStructure/Preview Content\"";
				ENABLE_PREVIEWS = YES;
				GENERATE_INFOPLIST_FILE = YES;
				INFOPLIST_KEY_NSHumanReadableCopyright = "";
				LD_RUNPATH_SEARCH_PATHS = (
					"$(inherited)",
					"@executable_path/../Frameworks",
				);
				MARKETING_VERSION = 1.0;
				PRODUCT_BUNDLE_IDENTIFIER = SouT.WordStructure;
				PRODUCT_NAME = "$(TARGET_NAME)";
				SWIFT_EMIT_LOC_STRINGS = YES;
				SWIFT_VERSION = 5.0;
			};
			name = Debug;
		};
		A6E9252329293AB400B7AF61 /* Release */ = {
			isa = XCBuildConfiguration;
			buildSettings = {
				ASSETCATALOG_COMPILER_APPICON_NAME = AppIcon;
				ASSETCATALOG_COMPILER_GLOBAL_ACCENT_COLOR_NAME = AccentColor;
				CODE_SIGN_ENTITLEMENTS = WordStructure/WordStructure.entitlements;
				CODE_SIGN_STYLE = Automatic;
				COMBINE_HIDPI_IMAGES = YES;
				CURRENT_PROJECT_VERSION = 1;
				DEVELOPMENT_ASSET_PATHS = "\"WordStructure/Preview Content\"";
				ENABLE_PREVIEWS = YES;
				GENERATE_INFOPLIST_FILE = YES;
				INFOPLIST_KEY_NSHumanReadableCopyright = "";
				LD_RUNPATH_SEARCH_PATHS = (
					"$(inherited)",
					"@executable_path/../Frameworks",
				);
				MARKETING_VERSION = 1.0;
				PRODUCT_BUNDLE_IDENTIFIER = SouT.WordStructure;
				PRODUCT_NAME = "$(TARGET_NAME)";
				SWIFT_EMIT_LOC_STRINGS = YES;
				SWIFT_VERSION = 5.0;
			};
			name = Release;
		};
		A6E9252529293AB400B7AF61 /* Debug */ = {
			isa = XCBuildConfiguration;
			buildSettings = {
				ALWAYS_EMBED_SWIFT_STANDARD_LIBRARIES = YES;
				BUNDLE_LOADER = "$(TEST_HOST)";
				CODE_SIGN_STYLE = Automatic;
				CURRENT_PROJECT_VERSION = 1;
				GENERATE_INFOPLIST_FILE = YES;
				MACOSX_DEPLOYMENT_TARGET = 12.3;
				MARKETING_VERSION = 1.0;
				PRODUCT_BUNDLE_IDENTIFIER = SouT.WordStructureTests;
				PRODUCT_NAME = "$(TARGET_NAME)";
				SWIFT_EMIT_LOC_STRINGS = NO;
				SWIFT_VERSION = 5.0;
				TEST_HOST = "$(BUILT_PRODUCTS_DIR)/WordStructure.app/Contents/MacOS/WordStructure";
			};
			name = Debug;
		};
		A6E9252629293AB400B7AF61 /* Release */ = {
			isa = XCBuildConfiguration;
			buildSettings = {
				ALWAYS_EMBED_SWIFT_STANDARD_LIBRARIES = YES;
				BUNDLE_LOADER = "$(TEST_HOST)";
				CODE_SIGN_STYLE = Automatic;
				CURRENT_PROJECT_VERSION = 1;
				GENERATE_INFOPLIST_FILE = YES;
				MACOSX_DEPLOYMENT_TARGET = 12.3;
				MARKETING_VERSION = 1.0;
				PRODUCT_BUNDLE_IDENTIFIER = SouT.WordStructureTests;
				PRODUCT_NAME = "$(TARGET_NAME)";
				SWIFT_EMIT_LOC_STRINGS = NO;
				SWIFT_VERSION = 5.0;
				TEST_HOST = "$(BUILT_PRODUCTS_DIR)/WordStructure.app/Contents/MacOS/WordStructure";
			};
			name = Release;
		};
		A6E9252829293AB400B7AF61 /* Debug */ = {
			isa = XCBuildConfiguration;
			buildSettings = {
				ALWAYS_EMBED_SWIFT_STANDARD_LIBRARIES = YES;
				CODE_SIGN_STYLE = Automatic;
				CURRENT_PROJECT_VERSION = 1;
				GENERATE_INFOPLIST_FILE = YES;
				MARKETING_VERSION = 1.0;
				PRODUCT_BUNDLE_IDENTIFIER = SouT.WordStructureUITests;
				PRODUCT_NAME = "$(TARGET_NAME)";
				SWIFT_EMIT_LOC_STRINGS = NO;
				SWIFT_VERSION = 5.0;
				TEST_TARGET_NAME = WordStructure;
			};
			name = Debug;
		};
		A6E9252929293AB400B7AF61 /* Release */ = {
			isa = XCBuildConfiguration;
			buildSettings = {
				ALWAYS_EMBED_SWIFT_STANDARD_LIBRARIES = YES;
				CODE_SIGN_STYLE = Automatic;
				CURRENT_PROJECT_VERSION = 1;
				GENERATE_INFOPLIST_FILE = YES;
				MARKETING_VERSION = 1.0;
				PRODUCT_BUNDLE_IDENTIFIER = SouT.WordStructureUITests;
				PRODUCT_NAME = "$(TARGET_NAME)";
				SWIFT_EMIT_LOC_STRINGS = NO;
				SWIFT_VERSION = 5.0;
				TEST_TARGET_NAME = WordStructure;
			};
			name = Release;
		};
/* End XCBuildConfiguration section */

/* Begin XCConfigurationList section */
		A6E924F729293AB000B7AF61 /* Build configuration list for PBXProject "WordStructure" */ = {
			isa = XCConfigurationList;
			buildConfigurations = (
				A6E9251F29293AB400B7AF61 /* Debug */,
				A6E9252029293AB400B7AF61 /* Release */,
			);
			defaultConfigurationIsVisible = 0;
			defaultConfigurationName = Release;
		};
		A6E9252129293AB400B7AF61 /* Build configuration list for PBXNativeTarget "WordStructure" */ = {
			isa = XCConfigurationList;
			buildConfigurations = (
				A6E9252229293AB400B7AF61 /* Debug */,
				A6E9252329293AB400B7AF61 /* Release */,
			);
			defaultConfigurationIsVisible = 0;
			defaultConfigurationName = Release;
		};
		A6E9252429293AB400B7AF61 /* Build configuration list for PBXNativeTarget "WordStructureTests" */ = {
			isa = XCConfigurationList;
			buildConfigurations = (
				A6E9252529293AB400B7AF61 /* Debug */,
				A6E9252629293AB400B7AF61 /* Release */,
			);
			defaultConfigurationIsVisible = 0;
			defaultConfigurationName = Release;
		};
		A6E9252729293AB400B7AF61 /* Build configuration list for PBXNativeTarget "WordStructureUITests" */ = {
			isa = XCConfigurationList;
			buildConfigurations = (
				A6E9252829293AB400B7AF61 /* Debug */,
				A6E9252929293AB400B7AF61 /* Release */,
			);
			defaultConfigurationIsVisible = 0;
			defaultConfigurationName = Release;
		};
/* End XCConfigurationList section */
	};
	rootObject = A6E924F429293AB000B7AF61 /* Project object */;
}
